// !$*UTF8*$!
{
	archiveVersion = 1;
	classes = {
	};
	objectVersion = 56;
	objects = {

/* Begin PBXBuildFile section */
		2068D23E2B249342005CDE81 /* uitestApp.swift in Sources */ = {isa = PBXBuildFile; fileRef = 2068D23D2B249342005CDE81 /* uitestApp.swift */; };
		2068D2402B249342005CDE81 /* ContentView.swift in Sources */ = {isa = PBXBuildFile; fileRef = 2068D23F2B249342005CDE81 /* ContentView.swift */; };
		2068D2422B249344005CDE81 /* Assets.xcassets in Resources */ = {isa = PBXBuildFile; fileRef = 2068D2412B249344005CDE81 /* Assets.xcassets */; };
		2068D2452B249344005CDE81 /* Preview Assets.xcassets in Resources */ = {isa = PBXBuildFile; fileRef = 2068D2442B249344005CDE81 /* Preview Assets.xcassets */; };
		2068D24F2B249344005CDE81 /* uitestTests.swift in Sources */ = {isa = PBXBuildFile; fileRef = 2068D24E2B249344005CDE81 /* uitestTests.swift */; };
		2068D2592B249344005CDE81 /* uitestUITests.swift in Sources */ = {isa = PBXBuildFile; fileRef = 2068D2582B249344005CDE81 /* uitestUITests.swift */; };
		2068D25B2B249344005CDE81 /* uitestUITestsLaunchTests.swift in Sources */ = {isa = PBXBuildFile; fileRef = 2068D25A2B249344005CDE81 /* uitestUITestsLaunchTests.swift */; };
/* End PBXBuildFile section */

/* Begin PBXContainerItemProxy section */
		2068D24B2B249344005CDE81 /* PBXContainerItemProxy */ = {
			isa = PBXContainerItemProxy;
			containerPortal = 2068D2322B249342005CDE81 /* Project object */;
			proxyType = 1;
			remoteGlobalIDString = 2068D2392B249342005CDE81;
			remoteInfo = uitest;
		};
		2068D2552B249344005CDE81 /* PBXContainerItemProxy */ = {
			isa = PBXContainerItemProxy;
			containerPortal = 2068D2322B249342005CDE81 /* Project object */;
			proxyType = 1;
			remoteGlobalIDString = 2068D2392B249342005CDE81;
			remoteInfo = uitest;
		};
/* End PBXContainerItemProxy section */

/* Begin PBXFileReference section */
		2068D23A2B249342005CDE81 /* uitest.app */ = {isa = PBXFileReference; explicitFileType = wrapper.application; includeInIndex = 0; path = uitest.app; sourceTree = BUILT_PRODUCTS_DIR; };
		2068D23D2B249342005CDE81 /* uitestApp.swift */ = {isa = PBXFileReference; lastKnownFileType = sourcecode.swift; path = uitestApp.swift; sourceTree = "<group>"; };
		2068D23F2B249342005CDE81 /* ContentView.swift */ = {isa = PBXFileReference; lastKnownFileType = sourcecode.swift; path = ContentView.swift; sourceTree = "<group>"; };
		2068D2412B249344005CDE81 /* Assets.xcassets */ = {isa = PBXFileReference; lastKnownFileType = folder.assetcatalog; path = Assets.xcassets; sourceTree = "<group>"; };
		2068D2442B249344005CDE81 /* Preview Assets.xcassets */ = {isa = PBXFileReference; lastKnownFileType = folder.assetcatalog; path = "Preview Assets.xcassets"; sourceTree = "<group>"; };
		2068D24A2B249344005CDE81 /* uitestTests.xctest */ = {isa = PBXFileReference; explicitFileType = wrapper.cfbundle; includeInIndex = 0; path = uitestTests.xctest; sourceTree = BUILT_PRODUCTS_DIR; };
		2068D24E2B249344005CDE81 /* uitestTests.swift */ = {isa = PBXFileReference; lastKnownFileType = sourcecode.swift; path = uitestTests.swift; sourceTree = "<group>"; };
		2068D2542B249344005CDE81 /* uitestUITests.xctest */ = {isa = PBXFileReference; explicitFileType = wrapper.cfbundle; includeInIndex = 0; path = uitestUITests.xctest; sourceTree = BUILT_PRODUCTS_DIR; };
		2068D2582B249344005CDE81 /* uitestUITests.swift */ = {isa = PBXFileReference; lastKnownFileType = sourcecode.swift; path = uitestUITests.swift; sourceTree = "<group>"; };
		2068D25A2B249344005CDE81 /* uitestUITestsLaunchTests.swift */ = {isa = PBXFileReference; lastKnownFileType = sourcecode.swift; path = uitestUITestsLaunchTests.swift; sourceTree = "<group>"; };
/* End PBXFileReference section */

/* Begin PBXFrameworksBuildPhase section */
		2068D2372B249342005CDE81 /* Frameworks */ = {
			isa = PBXFrameworksBuildPhase;
			buildActionMask = 2147483647;
			files = (
			);
			runOnlyForDeploymentPostprocessing = 0;
		};
		2068D2472B249344005CDE81 /* Frameworks */ = {
			isa = PBXFrameworksBuildPhase;
			buildActionMask = 2147483647;
			files = (
			);
			runOnlyForDeploymentPostprocessing = 0;
		};
		2068D2512B249344005CDE81 /* Frameworks */ = {
			isa = PBXFrameworksBuildPhase;
			buildActionMask = 2147483647;
			files = (
			);
			runOnlyForDeploymentPostprocessing = 0;
		};
/* End PBXFrameworksBuildPhase section */

/* Begin PBXGroup section */
		2068D2312B249342005CDE81 = {
			isa = PBXGroup;
			children = (
				2068D23C2B249342005CDE81 /* uitest */,
				2068D24D2B249344005CDE81 /* uitestTests */,
				2068D2572B249344005CDE81 /* uitestUITests */,
				2068D23B2B249342005CDE81 /* Products */,
			);
			sourceTree = "<group>";
		};
		2068D23B2B249342005CDE81 /* Products */ = {
			isa = PBXGroup;
			children = (
				2068D23A2B249342005CDE81 /* uitest.app */,
				2068D24A2B249344005CDE81 /* uitestTests.xctest */,
				2068D2542B249344005CDE81 /* uitestUITests.xctest */,
			);
			name = Products;
			sourceTree = "<group>";
		};
		2068D23C2B249342005CDE81 /* uitest */ = {
			isa = PBXGroup;
			children = (
				2068D23D2B249342005CDE81 /* uitestApp.swift */,
				2068D23F2B249342005CDE81 /* ContentView.swift */,
				2068D2412B249344005CDE81 /* Assets.xcassets */,
				2068D2432B249344005CDE81 /* Preview Content */,
			);
			path = uitest;
			sourceTree = "<group>";
		};
		2068D2432B249344005CDE81 /* Preview Content */ = {
			isa = PBXGroup;
			children = (
				2068D2442B249344005CDE81 /* Preview Assets.xcassets */,
			);
			path = "Preview Content";
			sourceTree = "<group>";
		};
		2068D24D2B249344005CDE81 /* uitestTests */ = {
			isa = PBXGroup;
			children = (
				2068D24E2B249344005CDE81 /* uitestTests.swift */,
			);
			path = uitestTests;
			sourceTree = "<group>";
		};
		2068D2572B249344005CDE81 /* uitestUITests */ = {
			isa = PBXGroup;
			children = (
				2068D2582B249344005CDE81 /* uitestUITests.swift */,
				2068D25A2B249344005CDE81 /* uitestUITestsLaunchTests.swift */,
			);
			path = uitestUITests;
			sourceTree = "<group>";
		};
/* End PBXGroup section */

/* Begin PBXNativeTarget section */
		2068D2392B249342005CDE81 /* uitest */ = {
			isa = PBXNativeTarget;
			buildConfigurationList = 2068D25E2B249344005CDE81 /* Build configuration list for PBXNativeTarget "uitest" */;
			buildPhases = (
				2068D2362B249342005CDE81 /* Sources */,
				2068D2372B249342005CDE81 /* Frameworks */,
				2068D2382B249342005CDE81 /* Resources */,
			);
			buildRules = (
			);
			dependencies = (
			);
			name = uitest;
			productName = uitest;
			productReference = 2068D23A2B249342005CDE81 /* uitest.app */;
			productType = "com.apple.product-type.application";
		};
		2068D2492B249344005CDE81 /* uitestTests */ = {
			isa = PBXNativeTarget;
			buildConfigurationList = 2068D2612B249344005CDE81 /* Build configuration list for PBXNativeTarget "uitestTests" */;
			buildPhases = (
				2068D2462B249344005CDE81 /* Sources */,
				2068D2472B249344005CDE81 /* Frameworks */,
				2068D2482B249344005CDE81 /* Resources */,
			);
			buildRules = (
			);
			dependencies = (
				2068D24C2B249344005CDE81 /* PBXTargetDependency */,
			);
			name = uitestTests;
			productName = uitestTests;
			productReference = 2068D24A2B249344005CDE81 /* uitestTests.xctest */;
			productType = "com.apple.product-type.bundle.unit-test";
		};
		2068D2532B249344005CDE81 /* uitestUITests */ = {
			isa = PBXNativeTarget;
			buildConfigurationList = 2068D2642B249344005CDE81 /* Build configuration list for PBXNativeTarget "uitestUITests" */;
			buildPhases = (
				2068D2502B249344005CDE81 /* Sources */,
				2068D2512B249344005CDE81 /* Frameworks */,
				2068D2522B249344005CDE81 /* Resources */,
			);
			buildRules = (
			);
			dependencies = (
				2068D2562B249344005CDE81 /* PBXTargetDependency */,
			);
			name = uitestUITests;
			productName = uitestUITests;
			productReference = 2068D2542B249344005CDE81 /* uitestUITests.xctest */;
			productType = "com.apple.product-type.bundle.ui-testing";
		};
/* End PBXNativeTarget section */

/* Begin PBXProject section */
		2068D2322B249342005CDE81 /* Project object */ = {
			isa = PBXProject;
			attributes = {
				BuildIndependentTargetsInParallel = 1;
				LastSwiftUpdateCheck = 1500;
				LastUpgradeCheck = 1500;
				TargetAttributes = {
					2068D2392B249342005CDE81 = {
						CreatedOnToolsVersion = 15.0.1;
					};
					2068D2492B249344005CDE81 = {
						CreatedOnToolsVersion = 15.0.1;
						TestTargetID = 2068D2392B249342005CDE81;
					};
					2068D2532B249344005CDE81 = {
						CreatedOnToolsVersion = 15.0.1;
						TestTargetID = 2068D2392B249342005CDE81;
					};
				};
			};
			buildConfigurationList = 2068D2352B249342005CDE81 /* Build configuration list for PBXProject "uitest" */;
			compatibilityVersion = "Xcode 14.0";
			developmentRegion = en;
			hasScannedForEncodings = 0;
			knownRegions = (
				en,
				Base,
			);
			mainGroup = 2068D2312B249342005CDE81;
			productRefGroup = 2068D23B2B249342005CDE81 /* Products */;
			projectDirPath = "";
			projectRoot = "";
			targets = (
				2068D2392B249342005CDE81 /* uitest */,
				2068D2492B249344005CDE81 /* uitestTests */,
				2068D2532B249344005CDE81 /* uitestUITests */,
			);
		};
/* End PBXProject section */

/* Begin PBXResourcesBuildPhase section */
		2068D2382B249342005CDE81 /* Resources */ = {
			isa = PBXResourcesBuildPhase;
			buildActionMask = 2147483647;
			files = (
				2068D2452B249344005CDE81 /* Preview Assets.xcassets in Resources */,
				2068D2422B249344005CDE81 /* Assets.xcassets in Resources */,
			);
			runOnlyForDeploymentPostprocessing = 0;
		};
		2068D2482B249344005CDE81 /* Resources */ = {
			isa = PBXResourcesBuildPhase;
			buildActionMask = 2147483647;
			files = (
			);
			runOnlyForDeploymentPostprocessing = 0;
		};
		2068D2522B249344005CDE81 /* Resources */ = {
			isa = PBXResourcesBuildPhase;
			buildActionMask = 2147483647;
			files = (
			);
			runOnlyForDeploymentPostprocessing = 0;
		};
/* End PBXResourcesBuildPhase section */

/* Begin PBXSourcesBuildPhase section */
		2068D2362B249342005CDE81 /* Sources */ = {
			isa = PBXSourcesBuildPhase;
			buildActionMask = 2147483647;
			files = (
				2068D2402B249342005CDE81 /* ContentView.swift in Sources */,
				2068D23E2B249342005CDE81 /* uitestApp.swift in Sources */,
			);
			runOnlyForDeploymentPostprocessing = 0;
		};
		2068D2462B249344005CDE81 /* Sources */ = {
			isa = PBXSourcesBuildPhase;
			buildActionMask = 2147483647;
			files = (
				2068D24F2B249344005CDE81 /* uitestTests.swift in Sources */,
			);
			runOnlyForDeploymentPostprocessing = 0;
		};
		2068D2502B249344005CDE81 /* Sources */ = {
			isa = PBXSourcesBuildPhase;
			buildActionMask = 2147483647;
			files = (
				2068D25B2B249344005CDE81 /* uitestUITestsLaunchTests.swift in Sources */,
				2068D2592B249344005CDE81 /* uitestUITests.swift in Sources */,
			);
			runOnlyForDeploymentPostprocessing = 0;
		};
/* End PBXSourcesBuildPhase section */

/* Begin PBXTargetDependency section */
		2068D24C2B249344005CDE81 /* PBXTargetDependency */ = {
			isa = PBXTargetDependency;
			target = 2068D2392B249342005CDE81 /* uitest */;
			targetProxy = 2068D24B2B249344005CDE81 /* PBXContainerItemProxy */;
		};
		2068D2562B249344005CDE81 /* PBXTargetDependency */ = {
			isa = PBXTargetDependency;
			target = 2068D2392B249342005CDE81 /* uitest */;
			targetProxy = 2068D2552B249344005CDE81 /* PBXContainerItemProxy */;
		};
/* End PBXTargetDependency section */

/* Begin XCBuildConfiguration section */
		2068D25C2B249344005CDE81 /* Debug */ = {
			isa = XCBuildConfiguration;
			buildSettings = {
				ALWAYS_SEARCH_USER_PATHS = NO;
				ASSETCATALOG_COMPILER_GENERATE_SWIFT_ASSET_SYMBOL_EXTENSIONS = YES;
				CLANG_ANALYZER_NONNULL = YES;
				CLANG_ANALYZER_NUMBER_OBJECT_CONVERSION = YES_AGGRESSIVE;
				CLANG_CXX_LANGUAGE_STANDARD = "gnu++20";
				CLANG_ENABLE_MODULES = YES;
				CLANG_ENABLE_OBJC_ARC = YES;
				CLANG_ENABLE_OBJC_WEAK = YES;
				CLANG_WARN_BLOCK_CAPTURE_AUTORELEASING = YES;
				CLANG_WARN_BOOL_CONVERSION = YES;
				CLANG_WARN_COMMA = YES;
				CLANG_WARN_CONSTANT_CONVERSION = YES;
				CLANG_WARN_DEPRECATED_OBJC_IMPLEMENTATIONS = YES;
				CLANG_WARN_DIRECT_OBJC_ISA_USAGE = YES_ERROR;
				CLANG_WARN_DOCUMENTATION_COMMENTS = YES;
				CLANG_WARN_EMPTY_BODY = YES;
				CLANG_WARN_ENUM_CONVERSION = YES;
				CLANG_WARN_INFINITE_RECURSION = YES;
				CLANG_WARN_INT_CONVERSION = YES;
				CLANG_WARN_NON_LITERAL_NULL_CONVERSION = YES;
				CLANG_WARN_OBJC_IMPLICIT_RETAIN_SELF = YES;
				CLANG_WARN_OBJC_LITERAL_CONVERSION = YES;
				CLANG_WARN_OBJC_ROOT_CLASS = YES_ERROR;
				CLANG_WARN_QUOTED_INCLUDE_IN_FRAMEWORK_HEADER = YES;
				CLANG_WARN_RANGE_LOOP_ANALYSIS = YES;
				CLANG_WARN_STRICT_PROTOTYPES = YES;
				CLANG_WARN_SUSPICIOUS_MOVE = YES;
				CLANG_WARN_UNGUARDED_AVAILABILITY = YES_AGGRESSIVE;
				CLANG_WARN_UNREACHABLE_CODE = YES;
				CLANG_WARN__DUPLICATE_METHOD_MATCH = YES;
				COPY_PHASE_STRIP = NO;
				DEBUG_INFORMATION_FORMAT = dwarf;
				ENABLE_STRICT_OBJC_MSGSEND = YES;
				ENABLE_TESTABILITY = YES;
				ENABLE_USER_SCRIPT_SANDBOXING = YES;
				GCC_C_LANGUAGE_STANDARD = gnu17;
				GCC_DYNAMIC_NO_PIC = NO;
				GCC_NO_COMMON_BLOCKS = YES;
				GCC_OPTIMIZATION_LEVEL = 0;
				GCC_PREPROCESSOR_DEFINITIONS = (
					"DEBUG=1",
					"$(inherited)",
				);
				GCC_WARN_64_TO_32_BIT_CONVERSION = YES;
				GCC_WARN_ABOUT_RETURN_TYPE = YES_ERROR;
				GCC_WARN_UNDECLARED_SELECTOR = YES;
				GCC_WARN_UNINITIALIZED_AUTOS = YES_AGGRESSIVE;
				GCC_WARN_UNUSED_FUNCTION = YES;
				GCC_WARN_UNUSED_VARIABLE = YES;
				IPHONEOS_DEPLOYMENT_TARGET = 17.0;
				LOCALIZATION_PREFERS_STRING_CATALOGS = YES;
				MTL_ENABLE_DEBUG_INFO = INCLUDE_SOURCE;
				MTL_FAST_MATH = YES;
				ONLY_ACTIVE_ARCH = YES;
				SDKROOT = iphoneos;
				SWIFT_ACTIVE_COMPILATION_CONDITIONS = "DEBUG $(inherited)";
				SWIFT_OPTIMIZATION_LEVEL = "-Onone";
			};
			name = Debug;
		};
		2068D25D2B249344005CDE81 /* Release */ = {
			isa = XCBuildConfiguration;
			buildSettings = {
				ALWAYS_SEARCH_USER_PATHS = NO;
				ASSETCATALOG_COMPILER_GENERATE_SWIFT_ASSET_SYMBOL_EXTENSIONS = YES;
				CLANG_ANALYZER_NONNULL = YES;
				CLANG_ANALYZER_NUMBER_OBJECT_CONVERSION = YES_AGGRESSIVE;
				CLANG_CXX_LANGUAGE_STANDARD = "gnu++20";
				CLANG_ENABLE_MODULES = YES;
				CLANG_ENABLE_OBJC_ARC = YES;
				CLANG_ENABLE_OBJC_WEAK = YES;
				CLANG_WARN_BLOCK_CAPTURE_AUTORELEASING = YES;
				CLANG_WARN_BOOL_CONVERSION = YES;
				CLANG_WARN_COMMA = YES;
				CLANG_WARN_CONSTANT_CONVERSION = YES;
				CLANG_WARN_DEPRECATED_OBJC_IMPLEMENTATIONS = YES;
				CLANG_WARN_DIRECT_OBJC_ISA_USAGE = YES_ERROR;
				CLANG_WARN_DOCUMENTATION_COMMENTS = YES;
				CLANG_WARN_EMPTY_BODY = YES;
				CLANG_WARN_ENUM_CONVERSION = YES;
				CLANG_WARN_INFINITE_RECURSION = YES;
				CLANG_WARN_INT_CONVERSION = YES;
				CLANG_WARN_NON_LITERAL_NULL_CONVERSION = YES;
				CLANG_WARN_OBJC_IMPLICIT_RETAIN_SELF = YES;
				CLANG_WARN_OBJC_LITERAL_CONVERSION = YES;
				CLANG_WARN_OBJC_ROOT_CLASS = YES_ERROR;
				CLANG_WARN_QUOTED_INCLUDE_IN_FRAMEWORK_HEADER = YES;
				CLANG_WARN_RANGE_LOOP_ANALYSIS = YES;
				CLANG_WARN_STRICT_PROTOTYPES = YES;
				CLANG_WARN_SUSPICIOUS_MOVE = YES;
				CLANG_WARN_UNGUARDED_AVAILABILITY = YES_AGGRESSIVE;
				CLANG_WARN_UNREACHABLE_CODE = YES;
				CLANG_WARN__DUPLICATE_METHOD_MATCH = YES;
				COPY_PHASE_STRIP = NO;
				DEBUG_INFORMATION_FORMAT = "dwarf-with-dsym";
				ENABLE_NS_ASSERTIONS = NO;
				ENABLE_STRICT_OBJC_MSGSEND = YES;
				ENABLE_USER_SCRIPT_SANDBOXING = YES;
				GCC_C_LANGUAGE_STANDARD = gnu17;
				GCC_NO_COMMON_BLOCKS = YES;
				GCC_WARN_64_TO_32_BIT_CONVERSION = YES;
				GCC_WARN_ABOUT_RETURN_TYPE = YES_ERROR;
				GCC_WARN_UNDECLARED_SELECTOR = YES;
				GCC_WARN_UNINITIALIZED_AUTOS = YES_AGGRESSIVE;
				GCC_WARN_UNUSED_FUNCTION = YES;
				GCC_WARN_UNUSED_VARIABLE = YES;
				IPHONEOS_DEPLOYMENT_TARGET = 17.0;
				LOCALIZATION_PREFERS_STRING_CATALOGS = YES;
				MTL_ENABLE_DEBUG_INFO = NO;
				MTL_FAST_MATH = YES;
				SDKROOT = iphoneos;
				SWIFT_COMPILATION_MODE = wholemodule;
				VALIDATE_PRODUCT = YES;
			};
			name = Release;
		};
		2068D25F2B249344005CDE81 /* Debug */ = {
			isa = XCBuildConfiguration;
			buildSettings = {
				ASSETCATALOG_COMPILER_APPICON_NAME = AppIcon;
				ASSETCATALOG_COMPILER_GLOBAL_ACCENT_COLOR_NAME = AccentColor;
				CODE_SIGN_STYLE = Automatic;
				CURRENT_PROJECT_VERSION = 1;
				DEVELOPMENT_ASSET_PATHS = "\"uitest/Preview Content\"";
				ENABLE_PREVIEWS = YES;
				GENERATE_INFOPLIST_FILE = YES;
				INFOPLIST_KEY_UIApplicationSceneManifest_Generation = YES;
				INFOPLIST_KEY_UIApplicationSupportsIndirectInputEvents = YES;
				INFOPLIST_KEY_UILaunchScreen_Generation = YES;
				INFOPLIST_KEY_UISupportedInterfaceOrientations_iPad = "UIInterfaceOrientationPortrait UIInterfaceOrientationPortraitUpsideDown UIInterfaceOrientationLandscapeLeft UIInterfaceOrientationLandscapeRight";
				INFOPLIST_KEY_UISupportedInterfaceOrientations_iPhone = "UIInterfaceOrientationPortrait UIInterfaceOrientationLandscapeLeft UIInterfaceOrientationLandscapeRight";
				LD_RUNPATH_SEARCH_PATHS = (
					"$(inherited)",
					"@executable_path/Frameworks",
				);
				MARKETING_VERSION = 1.0;
				PRODUCT_BUNDLE_IDENTIFIER = vaidik.uitest;
				PRODUCT_NAME = "$(TARGET_NAME)";
				SWIFT_EMIT_LOC_STRINGS = YES;
				SWIFT_VERSION = 5.0;
				TARGETED_DEVICE_FAMILY = "1,2";
			};
			name = Debug;
		};
		2068D2602B249344005CDE81 /* Release */ = {
			isa = XCBuildConfiguration;
			buildSettings = {
				ASSETCATALOG_COMPILER_APPICON_NAME = AppIcon;
				ASSETCATALOG_COMPILER_GLOBAL_ACCENT_COLOR_NAME = AccentColor;
				CODE_SIGN_STYLE = Automatic;
				CURRENT_PROJECT_VERSION = 1;
				DEVELOPMENT_ASSET_PATHS = "\"uitest/Preview Content\"";
				ENABLE_PREVIEWS = YES;
				GENERATE_INFOPLIST_FILE = YES;
				INFOPLIST_KEY_UIApplicationSceneManifest_Generation = YES;
				INFOPLIST_KEY_UIApplicationSupportsIndirectInputEvents = YES;
				INFOPLIST_KEY_UILaunchScreen_Generation = YES;
				INFOPLIST_KEY_UISupportedInterfaceOrientations_iPad = "UIInterfaceOrientationPortrait UIInterfaceOrientationPortraitUpsideDown UIInterfaceOrientationLandscapeLeft UIInterfaceOrientationLandscapeRight";
				INFOPLIST_KEY_UISupportedInterfaceOrientations_iPhone = "UIInterfaceOrientationPortrait UIInterfaceOrientationLandscapeLeft UIInterfaceOrientationLandscapeRight";
				LD_RUNPATH_SEARCH_PATHS = (
					"$(inherited)",
					"@executable_path/Frameworks",
				);
				MARKETING_VERSION = 1.0;
				PRODUCT_BUNDLE_IDENTIFIER = vaidik.uitest;
				PRODUCT_NAME = "$(TARGET_NAME)";
				SWIFT_EMIT_LOC_STRINGS = YES;
				SWIFT_VERSION = 5.0;
				TARGETED_DEVICE_FAMILY = "1,2";
			};
			name = Release;
		};
		2068D2622B249344005CDE81 /* Debug */ = {
			isa = XCBuildConfiguration;
			buildSettings = {
				ALWAYS_EMBED_SWIFT_STANDARD_LIBRARIES = YES;
				BUNDLE_LOADER = "$(TEST_HOST)";
				CODE_SIGN_STYLE = Automatic;
				CURRENT_PROJECT_VERSION = 1;
				GENERATE_INFOPLIST_FILE = YES;
				IPHONEOS_DEPLOYMENT_TARGET = 17.0;
				MARKETING_VERSION = 1.0;
				PRODUCT_BUNDLE_IDENTIFIER = vaidik.uitestTests;
				PRODUCT_NAME = "$(TARGET_NAME)";
				SWIFT_EMIT_LOC_STRINGS = NO;
				SWIFT_VERSION = 5.0;
				TARGETED_DEVICE_FAMILY = "1,2";
				TEST_HOST = "$(BUILT_PRODUCTS_DIR)/uitest.app/$(BUNDLE_EXECUTABLE_FOLDER_PATH)/uitest";
			};
			name = Debug;
		};
		2068D2632B249344005CDE81 /* Release */ = {
			isa = XCBuildConfiguration;
			buildSettings = {
				ALWAYS_EMBED_SWIFT_STANDARD_LIBRARIES = YES;
				BUNDLE_LOADER = "$(TEST_HOST)";
				CODE_SIGN_STYLE = Automatic;
				CURRENT_PROJECT_VERSION = 1;
				GENERATE_INFOPLIST_FILE = YES;
				IPHONEOS_DEPLOYMENT_TARGET = 17.0;
				MARKETING_VERSION = 1.0;
				PRODUCT_BUNDLE_IDENTIFIER = vaidik.uitestTests;
				PRODUCT_NAME = "$(TARGET_NAME)";
				SWIFT_EMIT_LOC_STRINGS = NO;
				SWIFT_VERSION = 5.0;
				TARGETED_DEVICE_FAMILY = "1,2";
				TEST_HOST = "$(BUILT_PRODUCTS_DIR)/uitest.app/$(BUNDLE_EXECUTABLE_FOLDER_PATH)/uitest";
			};
			name = Release;
		};
		2068D2652B249344005CDE81 /* Debug */ = {
			isa = XCBuildConfiguration;
			buildSettings = {
				ALWAYS_EMBED_SWIFT_STANDARD_LIBRARIES = YES;
				CODE_SIGN_STYLE = Automatic;
				CURRENT_PROJECT_VERSION = 1;
				GENERATE_INFOPLIST_FILE = YES;
				MARKETING_VERSION = 1.0;
				PRODUCT_BUNDLE_IDENTIFIER = vaidik.uitestUITests;
				PRODUCT_NAME = "$(TARGET_NAME)";
				SWIFT_EMIT_LOC_STRINGS = NO;
				SWIFT_VERSION = 5.0;
				TARGETED_DEVICE_FAMILY = "1,2";
				TEST_TARGET_NAME = uitest;
			};
			name = Debug;
		};
		2068D2662B249344005CDE81 /* Release */ = {
			isa = XCBuildConfiguration;
			buildSettings = {
				ALWAYS_EMBED_SWIFT_STANDARD_LIBRARIES = YES;
				CODE_SIGN_STYLE = Automatic;
				CURRENT_PROJECT_VERSION = 1;
				GENERATE_INFOPLIST_FILE = YES;
				MARKETING_VERSION = 1.0;
				PRODUCT_BUNDLE_IDENTIFIER = vaidik.uitestUITests;
				PRODUCT_NAME = "$(TARGET_NAME)";
				SWIFT_EMIT_LOC_STRINGS = NO;
				SWIFT_VERSION = 5.0;
				TARGETED_DEVICE_FAMILY = "1,2";
				TEST_TARGET_NAME = uitest;
			};
			name = Release;
		};
/* End XCBuildConfiguration section */

/* Begin XCConfigurationList section */
		2068D2352B249342005CDE81 /* Build configuration list for PBXProject "uitest" */ = {
			isa = XCConfigurationList;
			buildConfigurations = (
				2068D25C2B249344005CDE81 /* Debug */,
				2068D25D2B249344005CDE81 /* Release */,
			);
			defaultConfigurationIsVisible = 0;
			defaultConfigurationName = Release;
		};
		2068D25E2B249344005CDE81 /* Build configuration list for PBXNativeTarget "uitest" */ = {
			isa = XCConfigurationList;
			buildConfigurations = (
				2068D25F2B249344005CDE81 /* Debug */,
				2068D2602B249344005CDE81 /* Release */,
			);
			defaultConfigurationIsVisible = 0;
			defaultConfigurationName = Release;
		};
		2068D2612B249344005CDE81 /* Build configuration list for PBXNativeTarget "uitestTests" */ = {
			isa = XCConfigurationList;
			buildConfigurations = (
				2068D2622B249344005CDE81 /* Debug */,
				2068D2632B249344005CDE81 /* Release */,
			);
			defaultConfigurationIsVisible = 0;
			defaultConfigurationName = Release;
		};
		2068D2642B249344005CDE81 /* Build configuration list for PBXNativeTarget "uitestUITests" */ = {
			isa = XCConfigurationList;
			buildConfigurations = (
				2068D2652B249344005CDE81 /* Debug */,
				2068D2662B249344005CDE81 /* Release */,
			);
			defaultConfigurationIsVisible = 0;
			defaultConfigurationName = Release;
		};
/* End XCConfigurationList section */
	};
	rootObject = 2068D2322B249342005CDE81 /* Project object */;
}
